// !$*UTF8*$!
{
	archiveVersion = 1;
	classes = {
	};
	objectVersion = 55;
	objects = {

/* Begin PBXBuildFile section */
		38606605EC8521626831B086 /* Pods_instagram.framework in Frameworks */ = {isa = PBXBuildFile; fileRef = 482D3CF380DEA14A34ECE02B /* Pods_instagram.framework */; };
		6524D9CA27E637C1007AD9D8 /* AppDelegate.swift in Sources */ = {isa = PBXBuildFile; fileRef = 6524D9C927E637C1007AD9D8 /* AppDelegate.swift */; };
		6524D9CC27E637C1007AD9D8 /* SceneDelegate.swift in Sources */ = {isa = PBXBuildFile; fileRef = 6524D9CB27E637C1007AD9D8 /* SceneDelegate.swift */; };
		6524D9D127E637C1007AD9D8 /* Main.storyboard in Resources */ = {isa = PBXBuildFile; fileRef = 6524D9CF27E637C1007AD9D8 /* Main.storyboard */; };
		6524D9D327E637C5007AD9D8 /* Assets.xcassets in Resources */ = {isa = PBXBuildFile; fileRef = 6524D9D227E637C5007AD9D8 /* Assets.xcassets */; };
		6524D9D627E637C5007AD9D8 /* LaunchScreen.storyboard in Resources */ = {isa = PBXBuildFile; fileRef = 6524D9D427E637C5007AD9D8 /* LaunchScreen.storyboard */; };
		6524D9E127E637C5007AD9D8 /* instagramTests.swift in Sources */ = {isa = PBXBuildFile; fileRef = 6524D9E027E637C5007AD9D8 /* instagramTests.swift */; };
		6524D9EB27E637C5007AD9D8 /* instagramUITests.swift in Sources */ = {isa = PBXBuildFile; fileRef = 6524D9EA27E637C5007AD9D8 /* instagramUITests.swift */; };
		6524D9ED27E637C5007AD9D8 /* instagramUITestsLaunchTests.swift in Sources */ = {isa = PBXBuildFile; fileRef = 6524D9EC27E637C5007AD9D8 /* instagramUITestsLaunchTests.swift */; };
		65441AB127E7EF5300708E7F /* LoginViewController.swift in Sources */ = {isa = PBXBuildFile; fileRef = 65441AB027E7EF5300708E7F /* LoginViewController.swift */; };
		65441AB327E7EF6100708E7F /* FeedViewController.swift in Sources */ = {isa = PBXBuildFile; fileRef = 65441AB227E7EF6100708E7F /* FeedViewController.swift */; };
		65441AB527E807DB00708E7F /* CameraViewController.swift in Sources */ = {isa = PBXBuildFile; fileRef = 65441AB427E807DB00708E7F /* CameraViewController.swift */; };
		658E9D0B27E81A8700EBB445 /* PostCell.swift in Sources */ = {isa = PBXBuildFile; fileRef = 658E9D0A27E81A8700EBB445 /* PostCell.swift */; };
		658E9D0D27F79C3A00EBB445 /* CommentCell.swift in Sources */ = {isa = PBXBuildFile; fileRef = 658E9D0C27F79C3A00EBB445 /* CommentCell.swift */; };
		AEDF6E2871945A946DE84064 /* Pods_instagramTests.framework in Frameworks */ = {isa = PBXBuildFile; fileRef = 89DE3D0DE7C63D9C633B0ACD /* Pods_instagramTests.framework */; };
		FE78DC32BF65E188F0EF70E5 /* Pods_instagram_instagramUITests.framework in Frameworks */ = {isa = PBXBuildFile; fileRef = AC266ACEE94E835A18AFFFAD /* Pods_instagram_instagramUITests.framework */; };
/* End PBXBuildFile section */

/* Begin PBXContainerItemProxy section */
		6524D9DD27E637C5007AD9D8 /* PBXContainerItemProxy */ = {
			isa = PBXContainerItemProxy;
			containerPortal = 6524D9BE27E637C1007AD9D8 /* Project object */;
			proxyType = 1;
			remoteGlobalIDString = 6524D9C527E637C1007AD9D8;
			remoteInfo = instagram;
		};
		6524D9E727E637C5007AD9D8 /* PBXContainerItemProxy */ = {
			isa = PBXContainerItemProxy;
			containerPortal = 6524D9BE27E637C1007AD9D8 /* Project object */;
			proxyType = 1;
			remoteGlobalIDString = 6524D9C527E637C1007AD9D8;
			remoteInfo = instagram;
		};
/* End PBXContainerItemProxy section */

/* Begin PBXFileReference section */
		0CDA426975B6DEBA3E05CBC4 /* Pods-instagramTests.debug.xcconfig */ = {isa = PBXFileReference; includeInIndex = 1; lastKnownFileType = text.xcconfig; name = "Pods-instagramTests.debug.xcconfig"; path = "Target Support Files/Pods-instagramTests/Pods-instagramTests.debug.xcconfig"; sourceTree = "<group>"; };
		482D3CF380DEA14A34ECE02B /* Pods_instagram.framework */ = {isa = PBXFileReference; explicitFileType = wrapper.framework; includeInIndex = 0; path = Pods_instagram.framework; sourceTree = BUILT_PRODUCTS_DIR; };
		6524D9C627E637C1007AD9D8 /* instagram.app */ = {isa = PBXFileReference; explicitFileType = wrapper.application; includeInIndex = 0; path = instagram.app; sourceTree = BUILT_PRODUCTS_DIR; };
		6524D9C927E637C1007AD9D8 /* AppDelegate.swift */ = {isa = PBXFileReference; lastKnownFileType = sourcecode.swift; path = AppDelegate.swift; sourceTree = "<group>"; };
		6524D9CB27E637C1007AD9D8 /* SceneDelegate.swift */ = {isa = PBXFileReference; lastKnownFileType = sourcecode.swift; path = SceneDelegate.swift; sourceTree = "<group>"; };
		6524D9D027E637C1007AD9D8 /* Base */ = {isa = PBXFileReference; lastKnownFileType = file.storyboard; name = Base; path = Base.lproj/Main.storyboard; sourceTree = "<group>"; };
		6524D9D227E637C5007AD9D8 /* Assets.xcassets */ = {isa = PBXFileReference; lastKnownFileType = folder.assetcatalog; path = Assets.xcassets; sourceTree = "<group>"; };
		6524D9D527E637C5007AD9D8 /* Base */ = {isa = PBXFileReference; lastKnownFileType = file.storyboard; name = Base; path = Base.lproj/LaunchScreen.storyboard; sourceTree = "<group>"; };
		6524D9D727E637C5007AD9D8 /* Info.plist */ = {isa = PBXFileReference; lastKnownFileType = text.plist.xml; path = Info.plist; sourceTree = "<group>"; };
		6524D9DC27E637C5007AD9D8 /* instagramTests.xctest */ = {isa = PBXFileReference; explicitFileType = wrapper.cfbundle; includeInIndex = 0; path = instagramTests.xctest; sourceTree = BUILT_PRODUCTS_DIR; };
		6524D9E027E637C5007AD9D8 /* instagramTests.swift */ = {isa = PBXFileReference; lastKnownFileType = sourcecode.swift; path = instagramTests.swift; sourceTree = "<group>"; };
		6524D9E627E637C5007AD9D8 /* instagramUITests.xctest */ = {isa = PBXFileReference; explicitFileType = wrapper.cfbundle; includeInIndex = 0; path = instagramUITests.xctest; sourceTree = BUILT_PRODUCTS_DIR; };
		6524D9EA27E637C5007AD9D8 /* instagramUITests.swift */ = {isa = PBXFileReference; lastKnownFileType = sourcecode.swift; path = instagramUITests.swift; sourceTree = "<group>"; };
		6524D9EC27E637C5007AD9D8 /* instagramUITestsLaunchTests.swift */ = {isa = PBXFileReference; lastKnownFileType = sourcecode.swift; path = instagramUITestsLaunchTests.swift; sourceTree = "<group>"; };
		65441AB027E7EF5300708E7F /* LoginViewController.swift */ = {isa = PBXFileReference; lastKnownFileType = sourcecode.swift; path = LoginViewController.swift; sourceTree = "<group>"; };
		65441AB227E7EF6100708E7F /* FeedViewController.swift */ = {isa = PBXFileReference; lastKnownFileType = sourcecode.swift; path = FeedViewController.swift; sourceTree = "<group>"; };
		65441AB427E807DB00708E7F /* CameraViewController.swift */ = {isa = PBXFileReference; lastKnownFileType = sourcecode.swift; path = CameraViewController.swift; sourceTree = "<group>"; };
		658E9D0A27E81A8700EBB445 /* PostCell.swift */ = {isa = PBXFileReference; lastKnownFileType = sourcecode.swift; path = PostCell.swift; sourceTree = "<group>"; };
		658E9D0C27F79C3A00EBB445 /* CommentCell.swift */ = {isa = PBXFileReference; lastKnownFileType = sourcecode.swift; path = CommentCell.swift; sourceTree = "<group>"; };
		803629BE86B696A5E127E947 /* Pods-instagram.release.xcconfig */ = {isa = PBXFileReference; includeInIndex = 1; lastKnownFileType = text.xcconfig; name = "Pods-instagram.release.xcconfig"; path = "Target Support Files/Pods-instagram/Pods-instagram.release.xcconfig"; sourceTree = "<group>"; };
		89DE3D0DE7C63D9C633B0ACD /* Pods_instagramTests.framework */ = {isa = PBXFileReference; explicitFileType = wrapper.framework; includeInIndex = 0; path = Pods_instagramTests.framework; sourceTree = BUILT_PRODUCTS_DIR; };
		A9EA6013567B23149E8C62A1 /* Pods-instagram-instagramUITests.release.xcconfig */ = {isa = PBXFileReference; includeInIndex = 1; lastKnownFileType = text.xcconfig; name = "Pods-instagram-instagramUITests.release.xcconfig"; path = "Target Support Files/Pods-instagram-instagramUITests/Pods-instagram-instagramUITests.release.xcconfig"; sourceTree = "<group>"; };
		AC266ACEE94E835A18AFFFAD /* Pods_instagram_instagramUITests.framework */ = {isa = PBXFileReference; explicitFileType = wrapper.framework; includeInIndex = 0; path = Pods_instagram_instagramUITests.framework; sourceTree = BUILT_PRODUCTS_DIR; };
		B370DA1F8C539B38593EEEC4 /* Pods-instagram.debug.xcconfig */ = {isa = PBXFileReference; includeInIndex = 1; lastKnownFileType = text.xcconfig; name = "Pods-instagram.debug.xcconfig"; path = "Target Support Files/Pods-instagram/Pods-instagram.debug.xcconfig"; sourceTree = "<group>"; };
		BAC33B89365F769958FEA20D /* Pods-instagramTests.release.xcconfig */ = {isa = PBXFileReference; includeInIndex = 1; lastKnownFileType = text.xcconfig; name = "Pods-instagramTests.release.xcconfig"; path = "Target Support Files/Pods-instagramTests/Pods-instagramTests.release.xcconfig"; sourceTree = "<group>"; };
		E2E77660DC85FEB44A357E83 /* Pods-instagram-instagramUITests.debug.xcconfig */ = {isa = PBXFileReference; includeInIndex = 1; lastKnownFileType = text.xcconfig; name = "Pods-instagram-instagramUITests.debug.xcconfig"; path = "Target Support Files/Pods-instagram-instagramUITests/Pods-instagram-instagramUITests.debug.xcconfig"; sourceTree = "<group>"; };
/* End PBXFileReference section */

/* Begin PBXFrameworksBuildPhase section */
		6524D9C327E637C1007AD9D8 /* Frameworks */ = {
			isa = PBXFrameworksBuildPhase;
			buildActionMask = 2147483647;
			files = (
				38606605EC8521626831B086 /* Pods_instagram.framework in Frameworks */,
			);
			runOnlyForDeploymentPostprocessing = 0;
		};
		6524D9D927E637C5007AD9D8 /* Frameworks */ = {
			isa = PBXFrameworksBuildPhase;
			buildActionMask = 2147483647;
			files = (
				AEDF6E2871945A946DE84064 /* Pods_instagramTests.framework in Frameworks */,
			);
			runOnlyForDeploymentPostprocessing = 0;
		};
		6524D9E327E637C5007AD9D8 /* Frameworks */ = {
			isa = PBXFrameworksBuildPhase;
			buildActionMask = 2147483647;
			files = (
				FE78DC32BF65E188F0EF70E5 /* Pods_instagram_instagramUITests.framework in Frameworks */,
			);
			runOnlyForDeploymentPostprocessing = 0;
		};
/* End PBXFrameworksBuildPhase section */

/* Begin PBXGroup section */
		5C6DD6353EBD77025F5672F7 /* Frameworks */ = {
			isa = PBXGroup;
			children = (
				482D3CF380DEA14A34ECE02B /* Pods_instagram.framework */,
				AC266ACEE94E835A18AFFFAD /* Pods_instagram_instagramUITests.framework */,
				89DE3D0DE7C63D9C633B0ACD /* Pods_instagramTests.framework */,
			);
			name = Frameworks;
			sourceTree = "<group>";
		};
		6524D9BD27E637C1007AD9D8 = {
			isa = PBXGroup;
			children = (
				6524D9C827E637C1007AD9D8 /* instagram */,
				6524D9DF27E637C5007AD9D8 /* instagramTests */,
				6524D9E927E637C5007AD9D8 /* instagramUITests */,
				6524D9C727E637C1007AD9D8 /* Products */,
				DFD2FB400DEFBE6F57A671F3 /* Pods */,
				5C6DD6353EBD77025F5672F7 /* Frameworks */,
			);
			sourceTree = "<group>";
		};
		6524D9C727E637C1007AD9D8 /* Products */ = {
			isa = PBXGroup;
			children = (
				6524D9C627E637C1007AD9D8 /* instagram.app */,
				6524D9DC27E637C5007AD9D8 /* instagramTests.xctest */,
				6524D9E627E637C5007AD9D8 /* instagramUITests.xctest */,
			);
			name = Products;
			sourceTree = "<group>";
		};
		6524D9C827E637C1007AD9D8 /* instagram */ = {
			isa = PBXGroup;
			children = (
				658E9D0A27E81A8700EBB445 /* PostCell.swift */,
				65441AB427E807DB00708E7F /* CameraViewController.swift */,
				6524D9C927E637C1007AD9D8 /* AppDelegate.swift */,
				6524D9CB27E637C1007AD9D8 /* SceneDelegate.swift */,
				6524D9CF27E637C1007AD9D8 /* Main.storyboard */,
				658E9D0C27F79C3A00EBB445 /* CommentCell.swift */,
				65441AB027E7EF5300708E7F /* LoginViewController.swift */,
				65441AB227E7EF6100708E7F /* FeedViewController.swift */,
				6524D9D227E637C5007AD9D8 /* Assets.xcassets */,
				6524D9D427E637C5007AD9D8 /* LaunchScreen.storyboard */,
				6524D9D727E637C5007AD9D8 /* Info.plist */,
			);
			path = instagram;
			sourceTree = "<group>";
		};
		6524D9DF27E637C5007AD9D8 /* instagramTests */ = {
			isa = PBXGroup;
			children = (
				6524D9E027E637C5007AD9D8 /* instagramTests.swift */,
			);
			path = instagramTests;
			sourceTree = "<group>";
		};
		6524D9E927E637C5007AD9D8 /* instagramUITests */ = {
			isa = PBXGroup;
			children = (
				6524D9EA27E637C5007AD9D8 /* instagramUITests.swift */,
				6524D9EC27E637C5007AD9D8 /* instagramUITestsLaunchTests.swift */,
			);
			path = instagramUITests;
			sourceTree = "<group>";
		};
		DFD2FB400DEFBE6F57A671F3 /* Pods */ = {
			isa = PBXGroup;
			children = (
				B370DA1F8C539B38593EEEC4 /* Pods-instagram.debug.xcconfig */,
				803629BE86B696A5E127E947 /* Pods-instagram.release.xcconfig */,
				E2E77660DC85FEB44A357E83 /* Pods-instagram-instagramUITests.debug.xcconfig */,
				A9EA6013567B23149E8C62A1 /* Pods-instagram-instagramUITests.release.xcconfig */,
				0CDA426975B6DEBA3E05CBC4 /* Pods-instagramTests.debug.xcconfig */,
				BAC33B89365F769958FEA20D /* Pods-instagramTests.release.xcconfig */,
			);
			path = Pods;
			sourceTree = "<group>";
		};
/* End PBXGroup section */

/* Begin PBXNativeTarget section */
		6524D9C527E637C1007AD9D8 /* instagram */ = {
			isa = PBXNativeTarget;
			buildConfigurationList = 6524D9F027E637C5007AD9D8 /* Build configuration list for PBXNativeTarget "instagram" */;
			buildPhases = (
				798EE4D7074511C3E56EE75B /* [CP] Check Pods Manifest.lock */,
				6524D9C227E637C1007AD9D8 /* Sources */,
				6524D9C327E637C1007AD9D8 /* Frameworks */,
				6524D9C427E637C1007AD9D8 /* Resources */,
				CCBC7C32833F33EA3FF4B352 /* [CP] Embed Pods Frameworks */,
			);
			buildRules = (
			);
			dependencies = (
			);
			name = instagram;
			productName = instagram;
			productReference = 6524D9C627E637C1007AD9D8 /* instagram.app */;
			productType = "com.apple.product-type.application";
		};
		6524D9DB27E637C5007AD9D8 /* instagramTests */ = {
			isa = PBXNativeTarget;
			buildConfigurationList = 6524D9F327E637C5007AD9D8 /* Build configuration list for PBXNativeTarget "instagramTests" */;
			buildPhases = (
				0BAF42AB9772BE609CFDCDEE /* [CP] Check Pods Manifest.lock */,
				6524D9D827E637C5007AD9D8 /* Sources */,
				6524D9D927E637C5007AD9D8 /* Frameworks */,
				6524D9DA27E637C5007AD9D8 /* Resources */,
			);
			buildRules = (
			);
			dependencies = (
				6524D9DE27E637C5007AD9D8 /* PBXTargetDependency */,
			);
			name = instagramTests;
			productName = instagramTests;
			productReference = 6524D9DC27E637C5007AD9D8 /* instagramTests.xctest */;
			productType = "com.apple.product-type.bundle.unit-test";
		};
		6524D9E527E637C5007AD9D8 /* instagramUITests */ = {
			isa = PBXNativeTarget;
			buildConfigurationList = 6524D9F627E637C5007AD9D8 /* Build configuration list for PBXNativeTarget "instagramUITests" */;
			buildPhases = (
				927838AF2E068F5DF45B2130 /* [CP] Check Pods Manifest.lock */,
				6524D9E227E637C5007AD9D8 /* Sources */,
				6524D9E327E637C5007AD9D8 /* Frameworks */,
				6524D9E427E637C5007AD9D8 /* Resources */,
				701A9064E732B737D617105D /* [CP] Embed Pods Frameworks */,
			);
			buildRules = (
			);
			dependencies = (
				6524D9E827E637C5007AD9D8 /* PBXTargetDependency */,
			);
			name = instagramUITests;
			productName = instagramUITests;
			productReference = 6524D9E627E637C5007AD9D8 /* instagramUITests.xctest */;
			productType = "com.apple.product-type.bundle.ui-testing";
		};
/* End PBXNativeTarget section */

/* Begin PBXProject section */
		6524D9BE27E637C1007AD9D8 /* Project object */ = {
			isa = PBXProject;
			attributes = {
				BuildIndependentTargetsInParallel = 1;
				LastSwiftUpdateCheck = 1330;
				LastUpgradeCheck = 1330;
				TargetAttributes = {
					6524D9C527E637C1007AD9D8 = {
						CreatedOnToolsVersion = 13.3;
					};
					6524D9DB27E637C5007AD9D8 = {
						CreatedOnToolsVersion = 13.3;
						TestTargetID = 6524D9C527E637C1007AD9D8;
					};
					6524D9E527E637C5007AD9D8 = {
						CreatedOnToolsVersion = 13.3;
						TestTargetID = 6524D9C527E637C1007AD9D8;
					};
				};
			};
			buildConfigurationList = 6524D9C127E637C1007AD9D8 /* Build configuration list for PBXProject "instagram" */;
			compatibilityVersion = "Xcode 13.0";
			developmentRegion = en;
			hasScannedForEncodings = 0;
			knownRegions = (
				en,
				Base,
			);
			mainGroup = 6524D9BD27E637C1007AD9D8;
			productRefGroup = 6524D9C727E637C1007AD9D8 /* Products */;
			projectDirPath = "";
			projectRoot = "";
			targets = (
				6524D9C527E637C1007AD9D8 /* instagram */,
				6524D9DB27E637C5007AD9D8 /* instagramTests */,
				6524D9E527E637C5007AD9D8 /* instagramUITests */,
			);
		};
/* End PBXProject section */

/* Begin PBXResourcesBuildPhase section */
		6524D9C427E637C1007AD9D8 /* Resources */ = {
			isa = PBXResourcesBuildPhase;
			buildActionMask = 2147483647;
			files = (
				6524D9D627E637C5007AD9D8 /* LaunchScreen.storyboard in Resources */,
				6524D9D327E637C5007AD9D8 /* Assets.xcassets in Resources */,
				6524D9D127E637C1007AD9D8 /* Main.storyboard in Resources */,
			);
			runOnlyForDeploymentPostprocessing = 0;
		};
		6524D9DA27E637C5007AD9D8 /* Resources */ = {
			isa = PBXResourcesBuildPhase;
			buildActionMask = 2147483647;
			files = (
			);
			runOnlyForDeploymentPostprocessing = 0;
		};
		6524D9E427E637C5007AD9D8 /* Resources */ = {
			isa = PBXResourcesBuildPhase;
			buildActionMask = 2147483647;
			files = (
			);
			runOnlyForDeploymentPostprocessing = 0;
		};
/* End PBXResourcesBuildPhase section */

/* Begin PBXShellScriptBuildPhase section */
		0BAF42AB9772BE609CFDCDEE /* [CP] Check Pods Manifest.lock */ = {
			isa = PBXShellScriptBuildPhase;
			buildActionMask = 2147483647;
			files = (
			);
			inputFileListPaths = (
			);
			inputPaths = (
				"${PODS_PODFILE_DIR_PATH}/Podfile.lock",
				"${PODS_ROOT}/Manifest.lock",
			);
			name = "[CP] Check Pods Manifest.lock";
			outputFileListPaths = (
			);
			outputPaths = (
				"$(DERIVED_FILE_DIR)/Pods-instagramTests-checkManifestLockResult.txt",
			);
			runOnlyForDeploymentPostprocessing = 0;
			shellPath = /bin/sh;
			shellScript = "diff \"${PODS_PODFILE_DIR_PATH}/Podfile.lock\" \"${PODS_ROOT}/Manifest.lock\" > /dev/null\nif [ $? != 0 ] ; then\n    # print error to STDERR\n    echo \"error: The sandbox is not in sync with the Podfile.lock. Run 'pod install' or update your CocoaPods installation.\" >&2\n    exit 1\nfi\n# This output is used by Xcode 'outputs' to avoid re-running this script phase.\necho \"SUCCESS\" > \"${SCRIPT_OUTPUT_FILE_0}\"\n";
			showEnvVarsInLog = 0;
		};
		701A9064E732B737D617105D /* [CP] Embed Pods Frameworks */ = {
			isa = PBXShellScriptBuildPhase;
			buildActionMask = 2147483647;
			files = (
			);
			inputFileListPaths = (
				"${PODS_ROOT}/Target Support Files/Pods-instagram-instagramUITests/Pods-instagram-instagramUITests-frameworks-${CONFIGURATION}-input-files.xcfilelist",
			);
			name = "[CP] Embed Pods Frameworks";
			outputFileListPaths = (
				"${PODS_ROOT}/Target Support Files/Pods-instagram-instagramUITests/Pods-instagram-instagramUITests-frameworks-${CONFIGURATION}-output-files.xcfilelist",
			);
			runOnlyForDeploymentPostprocessing = 0;
			shellPath = /bin/sh;
			shellScript = "\"${PODS_ROOT}/Target Support Files/Pods-instagram-instagramUITests/Pods-instagram-instagramUITests-frameworks.sh\"\n";
			showEnvVarsInLog = 0;
		};
		798EE4D7074511C3E56EE75B /* [CP] Check Pods Manifest.lock */ = {
			isa = PBXShellScriptBuildPhase;
			buildActionMask = 2147483647;
			files = (
			);
			inputFileListPaths = (
			);
			inputPaths = (
				"${PODS_PODFILE_DIR_PATH}/Podfile.lock",
				"${PODS_ROOT}/Manifest.lock",
			);
			name = "[CP] Check Pods Manifest.lock";
			outputFileListPaths = (
			);
			outputPaths = (
				"$(DERIVED_FILE_DIR)/Pods-instagram-checkManifestLockResult.txt",
			);
			runOnlyForDeploymentPostprocessing = 0;
			shellPath = /bin/sh;
			shellScript = "diff \"${PODS_PODFILE_DIR_PATH}/Podfile.lock\" \"${PODS_ROOT}/Manifest.lock\" > /dev/null\nif [ $? != 0 ] ; then\n    # print error to STDERR\n    echo \"error: The sandbox is not in sync with the Podfile.lock. Run 'pod install' or update your CocoaPods installation.\" >&2\n    exit 1\nfi\n# This output is used by Xcode 'outputs' to avoid re-running this script phase.\necho \"SUCCESS\" > \"${SCRIPT_OUTPUT_FILE_0}\"\n";
			showEnvVarsInLog = 0;
		};
		927838AF2E068F5DF45B2130 /* [CP] Check Pods Manifest.lock */ = {
			isa = PBXShellScriptBuildPhase;
			buildActionMask = 2147483647;
			files = (
			);
			inputFileListPaths = (
			);
			inputPaths = (
				"${PODS_PODFILE_DIR_PATH}/Podfile.lock",
				"${PODS_ROOT}/Manifest.lock",
			);
			name = "[CP] Check Pods Manifest.lock";
			outputFileListPaths = (
			);
			outputPaths = (
				"$(DERIVED_FILE_DIR)/Pods-instagram-instagramUITests-checkManifestLockResult.txt",
			);
			runOnlyForDeploymentPostprocessing = 0;
			shellPath = /bin/sh;
			shellScript = "diff \"${PODS_PODFILE_DIR_PATH}/Podfile.lock\" \"${PODS_ROOT}/Manifest.lock\" > /dev/null\nif [ $? != 0 ] ; then\n    # print error to STDERR\n    echo \"error: The sandbox is not in sync with the Podfile.lock. Run 'pod install' or update your CocoaPods installation.\" >&2\n    exit 1\nfi\n# This output is used by Xcode 'outputs' to avoid re-running this script phase.\necho \"SUCCESS\" > \"${SCRIPT_OUTPUT_FILE_0}\"\n";
			showEnvVarsInLog = 0;
		};
		CCBC7C32833F33EA3FF4B352 /* [CP] Embed Pods Frameworks */ = {
			isa = PBXShellScriptBuildPhase;
			buildActionMask = 2147483647;
			files = (
			);
			inputFileListPaths = (
				"${PODS_ROOT}/Target Support Files/Pods-instagram/Pods-instagram-frameworks-${CONFIGURATION}-input-files.xcfilelist",
			);
			name = "[CP] Embed Pods Frameworks";
			outputFileListPaths = (
				"${PODS_ROOT}/Target Support Files/Pods-instagram/Pods-instagram-frameworks-${CONFIGURATION}-output-files.xcfilelist",
			);
			runOnlyForDeploymentPostprocessing = 0;
			shellPath = /bin/sh;
			shellScript = "\"${PODS_ROOT}/Target Support Files/Pods-instagram/Pods-instagram-frameworks.sh\"\n";
			showEnvVarsInLog = 0;
		};
/* End PBXShellScriptBuildPhase section */

/* Begin PBXSourcesBuildPhase section */
		6524D9C227E637C1007AD9D8 /* Sources */ = {
			isa = PBXSourcesBuildPhase;
			buildActionMask = 2147483647;
			files = (
				65441AB127E7EF5300708E7F /* LoginViewController.swift in Sources */,
				65441AB527E807DB00708E7F /* CameraViewController.swift in Sources */,
				6524D9CA27E637C1007AD9D8 /* AppDelegate.swift in Sources */,
				65441AB327E7EF6100708E7F /* FeedViewController.swift in Sources */,
				6524D9CC27E637C1007AD9D8 /* SceneDelegate.swift in Sources */,
				658E9D0B27E81A8700EBB445 /* PostCell.swift in Sources */,
				658E9D0D27F79C3A00EBB445 /* CommentCell.swift in Sources */,
			);
			runOnlyForDeploymentPostprocessing = 0;
		};
		6524D9D827E637C5007AD9D8 /* Sources */ = {
			isa = PBXSourcesBuildPhase;
			buildActionMask = 2147483647;
			files = (
				6524D9E127E637C5007AD9D8 /* instagramTests.swift in Sources */,
			);
			runOnlyForDeploymentPostprocessing = 0;
		};
		6524D9E227E637C5007AD9D8 /* Sources */ = {
			isa = PBXSourcesBuildPhase;
			buildActionMask = 2147483647;
			files = (
				6524D9EB27E637C5007AD9D8 /* instagramUITests.swift in Sources */,
				6524D9ED27E637C5007AD9D8 /* instagramUITestsLaunchTests.swift in Sources */,
			);
			runOnlyForDeploymentPostprocessing = 0;
		};
/* End PBXSourcesBuildPhase section */

/* Begin PBXTargetDependency section */
		6524D9DE27E637C5007AD9D8 /* PBXTargetDependency */ = {
			isa = PBXTargetDependency;
			target = 6524D9C527E637C1007AD9D8 /* instagram */;
			targetProxy = 6524D9DD27E637C5007AD9D8 /* PBXContainerItemProxy */;
		};
		6524D9E827E637C5007AD9D8 /* PBXTargetDependency */ = {
			isa = PBXTargetDependency;
			target = 6524D9C527E637C1007AD9D8 /* instagram */;
			targetProxy = 6524D9E727E637C5007AD9D8 /* PBXContainerItemProxy */;
		};
/* End PBXTargetDependency section */

/* Begin PBXVariantGroup section */
		6524D9CF27E637C1007AD9D8 /* Main.storyboard */ = {
			isa = PBXVariantGroup;
			children = (
				6524D9D027E637C1007AD9D8 /* Base */,
			);
			name = Main.storyboard;
			sourceTree = "<group>";
		};
		6524D9D427E637C5007AD9D8 /* LaunchScreen.storyboard */ = {
			isa = PBXVariantGroup;
			children = (
				6524D9D527E637C5007AD9D8 /* Base */,
			);
			name = LaunchScreen.storyboard;
			sourceTree = "<group>";
		};
/* End PBXVariantGroup section */

/* Begin XCBuildConfiguration section */
		6524D9EE27E637C5007AD9D8 /* Debug */ = {
			isa = XCBuildConfiguration;
			buildSettings = {
				ALWAYS_SEARCH_USER_PATHS = NO;
				CLANG_ANALYZER_NONNULL = YES;
				CLANG_ANALYZER_NUMBER_OBJECT_CONVERSION = YES_AGGRESSIVE;
				CLANG_CXX_LANGUAGE_STANDARD = "gnu++17";
				CLANG_ENABLE_MODULES = YES;
				CLANG_ENABLE_OBJC_ARC = YES;
				CLANG_ENABLE_OBJC_WEAK = YES;
				CLANG_WARN_BLOCK_CAPTURE_AUTORELEASING = YES;
				CLANG_WARN_BOOL_CONVERSION = YES;
				CLANG_WARN_COMMA = YES;
				CLANG_WARN_CONSTANT_CONVERSION = YES;
				CLANG_WARN_DEPRECATED_OBJC_IMPLEMENTATIONS = YES;
				CLANG_WARN_DIRECT_OBJC_ISA_USAGE = YES_ERROR;
				CLANG_WARN_DOCUMENTATION_COMMENTS = YES;
				CLANG_WARN_EMPTY_BODY = YES;
				CLANG_WARN_ENUM_CONVERSION = YES;
				CLANG_WARN_INFINITE_RECURSION = YES;
				CLANG_WARN_INT_CONVERSION = YES;
				CLANG_WARN_NON_LITERAL_NULL_CONVERSION = YES;
				CLANG_WARN_OBJC_IMPLICIT_RETAIN_SELF = YES;
				CLANG_WARN_OBJC_LITERAL_CONVERSION = YES;
				CLANG_WARN_OBJC_ROOT_CLASS = YES_ERROR;
				CLANG_WARN_QUOTED_INCLUDE_IN_FRAMEWORK_HEADER = YES;
				CLANG_WARN_RANGE_LOOP_ANALYSIS = YES;
				CLANG_WARN_STRICT_PROTOTYPES = YES;
				CLANG_WARN_SUSPICIOUS_MOVE = YES;
				CLANG_WARN_UNGUARDED_AVAILABILITY = YES_AGGRESSIVE;
				CLANG_WARN_UNREACHABLE_CODE = YES;
				CLANG_WARN__DUPLICATE_METHOD_MATCH = YES;
				COPY_PHASE_STRIP = NO;
				DEBUG_INFORMATION_FORMAT = dwarf;
				ENABLE_STRICT_OBJC_MSGSEND = YES;
				ENABLE_TESTABILITY = YES;
				GCC_C_LANGUAGE_STANDARD = gnu11;
				GCC_DYNAMIC_NO_PIC = NO;
				GCC_NO_COMMON_BLOCKS = YES;
				GCC_OPTIMIZATION_LEVEL = 0;
				GCC_PREPROCESSOR_DEFINITIONS = (
					"DEBUG=1",
					"$(inherited)",
				);
				GCC_WARN_64_TO_32_BIT_CONVERSION = YES;
				GCC_WARN_ABOUT_RETURN_TYPE = YES_ERROR;
				GCC_WARN_UNDECLARED_SELECTOR = YES;
				GCC_WARN_UNINITIALIZED_AUTOS = YES_AGGRESSIVE;
				GCC_WARN_UNUSED_FUNCTION = YES;
				GCC_WARN_UNUSED_VARIABLE = YES;
				IPHONEOS_DEPLOYMENT_TARGET = 15.4;
				MTL_ENABLE_DEBUG_INFO = INCLUDE_SOURCE;
				MTL_FAST_MATH = YES;
				ONLY_ACTIVE_ARCH = YES;
				SDKROOT = iphoneos;
				SWIFT_ACTIVE_COMPILATION_CONDITIONS = DEBUG;
				SWIFT_OPTIMIZATION_LEVEL = "-Onone";
			};
			name = Debug;
		};
		6524D9EF27E637C5007AD9D8 /* Release */ = {
			isa = XCBuildConfiguration;
			buildSettings = {
				ALWAYS_SEARCH_USER_PATHS = NO;
				CLANG_ANALYZER_NONNULL = YES;
				CLANG_ANALYZER_NUMBER_OBJECT_CONVERSION = YES_AGGRESSIVE;
				CLANG_CXX_LANGUAGE_STANDARD = "gnu++17";
				CLANG_ENABLE_MODULES = YES;
				CLANG_ENABLE_OBJC_ARC = YES;
				CLANG_ENABLE_OBJC_WEAK = YES;
				CLANG_WARN_BLOCK_CAPTURE_AUTORELEASING = YES;
				CLANG_WARN_BOOL_CONVERSION = YES;
				CLANG_WARN_COMMA = YES;
				CLANG_WARN_CONSTANT_CONVERSION = YES;
				CLANG_WARN_DEPRECATED_OBJC_IMPLEMENTATIONS = YES;
				CLANG_WARN_DIRECT_OBJC_ISA_USAGE = YES_ERROR;
				CLANG_WARN_DOCUMENTATION_COMMENTS = YES;
				CLANG_WARN_EMPTY_BODY = YES;
				CLANG_WARN_ENUM_CONVERSION = YES;
				CLANG_WARN_INFINITE_RECURSION = YES;
				CLANG_WARN_INT_CONVERSION = YES;
				CLANG_WARN_NON_LITERAL_NULL_CONVERSION = YES;
				CLANG_WARN_OBJC_IMPLICIT_RETAIN_SELF = YES;
				CLANG_WARN_OBJC_LITERAL_CONVERSION = YES;
				CLANG_WARN_OBJC_ROOT_CLASS = YES_ERROR;
				CLANG_WARN_QUOTED_INCLUDE_IN_FRAMEWORK_HEADER = YES;
				CLANG_WARN_RANGE_LOOP_ANALYSIS = YES;
				CLANG_WARN_STRICT_PROTOTYPES = YES;
				CLANG_WARN_SUSPICIOUS_MOVE = YES;
				CLANG_WARN_UNGUARDED_AVAILABILITY = YES_AGGRESSIVE;
				CLANG_WARN_UNREACHABLE_CODE = YES;
				CLANG_WARN__DUPLICATE_METHOD_MATCH = YES;
				COPY_PHASE_STRIP = NO;
				DEBUG_INFORMATION_FORMAT = "dwarf-with-dsym";
				ENABLE_NS_ASSERTIONS = NO;
				ENABLE_STRICT_OBJC_MSGSEND = YES;
				GCC_C_LANGUAGE_STANDARD = gnu11;
				GCC_NO_COMMON_BLOCKS = YES;
				GCC_WARN_64_TO_32_BIT_CONVERSION = YES;
				GCC_WARN_ABOUT_RETURN_TYPE = YES_ERROR;
				GCC_WARN_UNDECLARED_SELECTOR = YES;
				GCC_WARN_UNINITIALIZED_AUTOS = YES_AGGRESSIVE;
				GCC_WARN_UNUSED_FUNCTION = YES;
				GCC_WARN_UNUSED_VARIABLE = YES;
				IPHONEOS_DEPLOYMENT_TARGET = 15.4;
				MTL_ENABLE_DEBUG_INFO = NO;
				MTL_FAST_MATH = YES;
				SDKROOT = iphoneos;
				SWIFT_COMPILATION_MODE = wholemodule;
				SWIFT_OPTIMIZATION_LEVEL = "-O";
				VALIDATE_PRODUCT = YES;
			};
			name = Release;
		};
		6524D9F127E637C5007AD9D8 /* Debug */ = {
			isa = XCBuildConfiguration;
			baseConfigurationReference = B370DA1F8C539B38593EEEC4 /* Pods-instagram.debug.xcconfig */;
			buildSettings = {
				ASSETCATALOG_COMPILER_APPICON_NAME = AppIcon;
				ASSETCATALOG_COMPILER_GLOBAL_ACCENT_COLOR_NAME = AccentColor;
				CODE_SIGN_STYLE = Automatic;
				CURRENT_PROJECT_VERSION = 1;
				DEVELOPMENT_TEAM = 9PT9Y28877;
				GENERATE_INFOPLIST_FILE = YES;
				INFOPLIST_FILE = instagram/Info.plist;
				INFOPLIST_KEY_UIApplicationSupportsIndirectInputEvents = YES;
				INFOPLIST_KEY_UILaunchStoryboardName = LaunchScreen;
				INFOPLIST_KEY_UIMainStoryboardFile = Main;
				INFOPLIST_KEY_UISupportedInterfaceOrientations_iPad = "UIInterfaceOrientationPortrait UIInterfaceOrientationPortraitUpsideDown UIInterfaceOrientationLandscapeLeft UIInterfaceOrientationLandscapeRight";
				INFOPLIST_KEY_UISupportedInterfaceOrientations_iPhone = "UIInterfaceOrientationPortrait UIInterfaceOrientationLandscapeLeft UIInterfaceOrientationLandscapeRight";
				LD_RUNPATH_SEARCH_PATHS = (
					"$(inherited)",
					"@executable_path/Frameworks",
				);
				MARKETING_VERSION = 1.0;
				PRODUCT_BUNDLE_IDENTIFIER = com.codepath.instagram;
				PRODUCT_NAME = "$(TARGET_NAME)";
				SWIFT_EMIT_LOC_STRINGS = YES;
				SWIFT_VERSION = 5.0;
				TARGETED_DEVICE_FAMILY = "1,2";
			};
			name = Debug;
		};
		6524D9F227E637C5007AD9D8 /* Release */ = {
			isa = XCBuildConfiguration;
			baseConfigurationReference = 803629BE86B696A5E127E947 /* Pods-instagram.release.xcconfig */;
			buildSettings = {
				ASSETCATALOG_COMPILER_APPICON_NAME = AppIcon;
				ASSETCATALOG_COMPILER_GLOBAL_ACCENT_COLOR_NAME = AccentColor;
				CODE_SIGN_STYLE = Automatic;
				CURRENT_PROJECT_VERSION = 1;
				DEVELOPMENT_TEAM = 9PT9Y28877;
				GENERATE_INFOPLIST_FILE = YES;
				INFOPLIST_FILE = instagram/Info.plist;
				INFOPLIST_KEY_UIApplicationSupportsIndirectInputEvents = YES;
				INFOPLIST_KEY_UILaunchStoryboardName = LaunchScreen;
				INFOPLIST_KEY_UIMainStoryboardFile = Main;
				INFOPLIST_KEY_UISupportedInterfaceOrientations_iPad = "UIInterfaceOrientationPortrait UIInterfaceOrientationPortraitUpsideDown UIInterfaceOrientationLandscapeLeft UIInterfaceOrientationLandscapeRight";
				INFOPLIST_KEY_UISupportedInterfaceOrientations_iPhone = "UIInterfaceOrientationPortrait UIInterfaceOrientationLandscapeLeft UIInterfaceOrientationLandscapeRight";
				LD_RUNPATH_SEARCH_PATHS = (
					"$(inherited)",
					"@executable_path/Frameworks",
				);
				MARKETING_VERSION = 1.0;
				PRODUCT_BUNDLE_IDENTIFIER = com.codepath.instagram;
				PRODUCT_NAME = "$(TARGET_NAME)";
				SWIFT_EMIT_LOC_STRINGS = YES;
				SWIFT_VERSION = 5.0;
				TARGETED_DEVICE_FAMILY = "1,2";
			};
			name = Release;
		};
		6524D9F427E637C5007AD9D8 /* Debug */ = {
			isa = XCBuildConfiguration;
			baseConfigurationReference = 0CDA426975B6DEBA3E05CBC4 /* Pods-instagramTests.debug.xcconfig */;
			buildSettings = {
				ALWAYS_EMBED_SWIFT_STANDARD_LIBRARIES = YES;
				BUNDLE_LOADER = "$(TEST_HOST)";
				CODE_SIGN_STYLE = Automatic;
				CURRENT_PROJECT_VERSION = 1;
				DEVELOPMENT_TEAM = 9PT9Y28877;
				GENERATE_INFOPLIST_FILE = YES;
				IPHONEOS_DEPLOYMENT_TARGET = 15.4;
				MARKETING_VERSION = 1.0;
				PRODUCT_BUNDLE_IDENTIFIER = com.codepath.instagramTests;
				PRODUCT_NAME = "$(TARGET_NAME)";
				SWIFT_EMIT_LOC_STRINGS = NO;
				SWIFT_VERSION = 5.0;
				TARGETED_DEVICE_FAMILY = "1,2";
				TEST_HOST = "$(BUILT_PRODUCTS_DIR)/instagram.app/instagram";
			};
			name = Debug;
		};
		6524D9F527E637C5007AD9D8 /* Release */ = {
			isa = XCBuildConfiguration;
			baseConfigurationReference = BAC33B89365F769958FEA20D /* Pods-instagramTests.release.xcconfig */;
			buildSettings = {
				ALWAYS_EMBED_SWIFT_STANDARD_LIBRARIES = YES;
				BUNDLE_LOADER = "$(TEST_HOST)";
				CODE_SIGN_STYLE = Automatic;
				CURRENT_PROJECT_VERSION = 1;
				DEVELOPMENT_TEAM = 9PT9Y28877;
				GENERATE_INFOPLIST_FILE = YES;
				IPHONEOS_DEPLOYMENT_TARGET = 15.4;
				MARKETING_VERSION = 1.0;
				PRODUCT_BUNDLE_IDENTIFIER = com.codepath.instagramTests;
				PRODUCT_NAME = "$(TARGET_NAME)";
				SWIFT_EMIT_LOC_STRINGS = NO;
				SWIFT_VERSION = 5.0;
				TARGETED_DEVICE_FAMILY = "1,2";
				TEST_HOST = "$(BUILT_PRODUCTS_DIR)/instagram.app/instagram";
			};
			name = Release;
		};
		6524D9F727E637C5007AD9D8 /* Debug */ = {
			isa = XCBuildConfiguration;
			baseConfigurationReference = E2E77660DC85FEB44A357E83 /* Pods-instagram-instagramUITests.debug.xcconfig */;
			buildSettings = {
				ALWAYS_EMBED_SWIFT_STANDARD_LIBRARIES = YES;
				CODE_SIGN_STYLE = Automatic;
				CURRENT_PROJECT_VERSION = 1;
				DEVELOPMENT_TEAM = 9PT9Y28877;
				GENERATE_INFOPLIST_FILE = YES;
				MARKETING_VERSION = 1.0;
				PRODUCT_BUNDLE_IDENTIFIER = com.codepath.instagramUITests;
				PRODUCT_NAME = "$(TARGET_NAME)";
				SWIFT_EMIT_LOC_STRINGS = NO;
				SWIFT_VERSION = 5.0;
				TARGETED_DEVICE_FAMILY = "1,2";
				TEST_TARGET_NAME = instagram;
			};
			name = Debug;
		};
		6524D9F827E637C5007AD9D8 /* Release */ = {
			isa = XCBuildConfiguration;
			baseConfigurationReference = A9EA6013567B23149E8C62A1 /* Pods-instagram-instagramUITests.release.xcconfig */;
			buildSettings = {
				ALWAYS_EMBED_SWIFT_STANDARD_LIBRARIES = YES;
				CODE_SIGN_STYLE = Automatic;
				CURRENT_PROJECT_VERSION = 1;
				DEVELOPMENT_TEAM = 9PT9Y28877;
				GENERATE_INFOPLIST_FILE = YES;
				MARKETING_VERSION = 1.0;
				PRODUCT_BUNDLE_IDENTIFIER = com.codepath.instagramUITests;
				PRODUCT_NAME = "$(TARGET_NAME)";
				SWIFT_EMIT_LOC_STRINGS = NO;
				SWIFT_VERSION = 5.0;
				TARGETED_DEVICE_FAMILY = "1,2";
				TEST_TARGET_NAME = instagram;
			};
			name = Release;
		};
/* End XCBuildConfiguration section */

/* Begin XCConfigurationList section */
		6524D9C127E637C1007AD9D8 /* Build configuration list for PBXProject "instagram" */ = {
			isa = XCConfigurationList;
			buildConfigurations = (
				6524D9EE27E637C5007AD9D8 /* Debug */,
				6524D9EF27E637C5007AD9D8 /* Release */,
			);
			defaultConfigurationIsVisible = 0;
			defaultConfigurationName = Release;
		};
		6524D9F027E637C5007AD9D8 /* Build configuration list for PBXNativeTarget "instagram" */ = {
			isa = XCConfigurationList;
			buildConfigurations = (
				6524D9F127E637C5007AD9D8 /* Debug */,
				6524D9F227E637C5007AD9D8 /* Release */,
			);
			defaultConfigurationIsVisible = 0;
			defaultConfigurationName = Release;
		};
		6524D9F327E637C5007AD9D8 /* Build configuration list for PBXNativeTarget "instagramTests" */ = {
			isa = XCConfigurationList;
			buildConfigurations = (
				6524D9F427E637C5007AD9D8 /* Debug */,
				6524D9F527E637C5007AD9D8 /* Release */,
			);
			defaultConfigurationIsVisible = 0;
			defaultConfigurationName = Release;
		};
		6524D9F627E637C5007AD9D8 /* Build configuration list for PBXNativeTarget "instagramUITests" */ = {
			isa = XCConfigurationList;
			buildConfigurations = (
				6524D9F727E637C5007AD9D8 /* Debug */,
				6524D9F827E637C5007AD9D8 /* Release */,
			);
			defaultConfigurationIsVisible = 0;
			defaultConfigurationName = Release;
		};
/* End XCConfigurationList section */
	};
	rootObject = 6524D9BE27E637C1007AD9D8 /* Project object */;
}
